
Microsoft Visual Studio Solution File, Format Version 12.00
# Visual Studio 15
VisualStudioVersion = 15.0.28307.757
MinimumVisualStudioVersion = 10.0.40219.1
Project("{FAE04EC0-301F-11D3-BF4B-00C04F79EFBC}") = "MultiThreading", "MultiThreading\MultiThreading.csproj", "{7C9B4200-EC3E-4A4E-A186-0E2DAD5C373E}"
EndProject
Project("{FAE04EC0-301F-11D3-BF4B-00C04F79EFBC}") = "DesignPattern", "DesignPattern\DesignPattern.csproj", "{6A3EC4F4-F014-4ED3-BE59-6A214B3FBDC7}"
EndProject
Project("{FAE04EC0-301F-11D3-BF4B-00C04F79EFBC}") = "OOPS", "OOPS\OOPS.csproj", "{40E007AC-1A08-4F73-8F1F-CCD3520F5F98}"
EndProject
Project("{FAE04EC0-301F-11D3-BF4B-00C04F79EFBC}") = "EDF", "EDF\EDF.csproj", "{9DF7DC47-690B-4D9B-9A08-5B4DFE09E9FB}"
EndProject
Project("{FAE04EC0-301F-11D3-BF4B-00C04F79EFBC}") = "DataStructures", "DataStructures\DataStructures.csproj", "{3C38C4B5-9375-4C73-BBDE-6D0E3D303D6D}"
EndProject
Project("{FAE04EC0-301F-11D3-BF4B-00C04F79EFBC}") = "SocketProgramming", "SocketProgramming\SocketProgramming.csproj", "{316D9C9A-478C-41B5-A148-752D2CED0A37}"
EndProject
Project("{FAE04EC0-301F-11D3-BF4B-00C04F79EFBC}") = "SocketProgramming_Client", "ScoketProgramming_Client\SocketProgramming_Client.csproj", "{7336B846-2B57-4652-AEA2-5B6CF266EE44}"
EndProject
Project("{FAE04EC0-301F-11D3-BF4B-00C04F79EFBC}") = "FxCopSamples", "FxCopSamples\FxCopSamples.csproj", "{2810BD1E-22B8-4881-A38C-5479FA727A2A}"
EndProject
Project("{FAE04EC0-301F-11D3-BF4B-00C04F79EFBC}") = "Thread_ThreadPool_Tasks", "TasksInDotNet\Thread_ThreadPool_Tasks.csproj", "{19A34D44-15B5-4062-8697-7BA997EBB15E}"
EndProject
Project("{FAE04EC0-301F-11D3-BF4B-00C04F79EFBC}") = "MSMQ", "MSMQ\MSMQ.csproj", "{13646B03-B898-4451-AFE6-30EFF9328178}"
EndProject
Project("{FAE04EC0-301F-11D3-BF4B-00C04F79EFBC}") = "DataProcessorService", "DataProcessorService\DataProcessorService.csproj", "{FCC0C947-8C24-48EA-9298-0927189A6C39}"
EndProject
Project("{9A19103F-16F7-4668-BE54-9A1E7A4F7556}") = "DockerWebApp", "DockerWebApp\DockerWebApp.csproj", "{682A1DED-C0F4-4A4C-85D0-9F7E82F047A4}"
EndProject
Project("{FAE04EC0-301F-11D3-BF4B-00C04F79EFBC}") = "SampleWinApp", "SampleWinApp\SampleWinApp.csproj", "{7C4801A9-93D0-406C-AB4E-542AACC66176}"
EndProject
Project("{FAE04EC0-301F-11D3-BF4B-00C04F79EFBC}") = "AlgoExpert.io", "AlgoExpert.io\AlgoExpert.io.csproj", "{33F85F65-8B92-4E82-B10D-A8AAEE3D69C7}"
EndProject
Global
	GlobalSection(SolutionConfigurationPlatforms) = preSolution
		Debug|Any CPU = Debug|Any CPU
		Release|Any CPU = Release|Any CPU
	EndGlobalSection
	GlobalSection(ProjectConfigurationPlatforms) = postSolution
		{7C9B4200-EC3E-4A4E-A186-0E2DAD5C373E}.Debug|Any CPU.ActiveCfg = Debug|Any CPU
		{7C9B4200-EC3E-4A4E-A186-0E2DAD5C373E}.Debug|Any CPU.Build.0 = Debug|Any CPU
		{7C9B4200-EC3E-4A4E-A186-0E2DAD5C373E}.Release|Any CPU.ActiveCfg = Release|Any CPU
		{7C9B4200-EC3E-4A4E-A186-0E2DAD5C373E}.Release|Any CPU.Build.0 = Release|Any CPU
		{6A3EC4F4-F014-4ED3-BE59-6A214B3FBDC7}.Debug|Any CPU.ActiveCfg = Debug|Any CPU
		{6A3EC4F4-F014-4ED3-BE59-6A214B3FBDC7}.Debug|Any CPU.Build.0 = Debug|Any CPU
		{6A3EC4F4-F014-4ED3-BE59-6A214B3FBDC7}.Release|Any CPU.ActiveCfg = Release|Any CPU
		{6A3EC4F4-F014-4ED3-BE59-6A214B3FBDC7}.Release|Any CPU.Build.0 = Release|Any CPU
		{40E007AC-1A08-4F73-8F1F-CCD3520F5F98}.Debug|Any CPU.ActiveCfg = Debug|Any CPU
		{40E007AC-1A08-4F73-8F1F-CCD3520F5F98}.Debug|Any CPU.Build.0 = Debug|Any CPU
		{40E007AC-1A08-4F73-8F1F-CCD3520F5F98}.Release|Any CPU.ActiveCfg = Release|Any CPU
		{40E007AC-1A08-4F73-8F1F-CCD3520F5F98}.Release|Any CPU.Build.0 = Release|Any CPU
		{9DF7DC47-690B-4D9B-9A08-5B4DFE09E9FB}.Debug|Any CPU.ActiveCfg = Debug|Any CPU
		{9DF7DC47-690B-4D9B-9A08-5B4DFE09E9FB}.Debug|Any CPU.Build.0 = Debug|Any CPU
		{9DF7DC47-690B-4D9B-9A08-5B4DFE09E9FB}.Release|Any CPU.ActiveCfg = Release|Any CPU
		{9DF7DC47-690B-4D9B-9A08-5B4DFE09E9FB}.Release|Any CPU.Build.0 = Release|Any CPU
		{3C38C4B5-9375-4C73-BBDE-6D0E3D303D6D}.Debug|Any CPU.ActiveCfg = Debug|Any CPU
		{3C38C4B5-9375-4C73-BBDE-6D0E3D303D6D}.Debug|Any CPU.Build.0 = Debug|Any CPU
		{3C38C4B5-9375-4C73-BBDE-6D0E3D303D6D}.Release|Any CPU.ActiveCfg = Release|Any CPU
		{3C38C4B5-9375-4C73-BBDE-6D0E3D303D6D}.Release|Any CPU.Build.0 = Release|Any CPU
		{316D9C9A-478C-41B5-A148-752D2CED0A37}.Debug|Any CPU.ActiveCfg = Debug|Any CPU
		{316D9C9A-478C-41B5-A148-752D2CED0A37}.Debug|Any CPU.Build.0 = Debug|Any CPU
		{316D9C9A-478C-41B5-A148-752D2CED0A37}.Release|Any CPU.ActiveCfg = Release|Any CPU
		{316D9C9A-478C-41B5-A148-752D2CED0A37}.Release|Any CPU.Build.0 = Release|Any CPU
		{7336B846-2B57-4652-AEA2-5B6CF266EE44}.Debug|Any CPU.ActiveCfg = Debug|Any CPU
		{7336B846-2B57-4652-AEA2-5B6CF266EE44}.Debug|Any CPU.Build.0 = Debug|Any CPU
		{7336B846-2B57-4652-AEA2-5B6CF266EE44}.Release|Any CPU.ActiveCfg = Release|Any CPU
		{7336B846-2B57-4652-AEA2-5B6CF266EE44}.Release|Any CPU.Build.0 = Release|Any CPU
		{2810BD1E-22B8-4881-A38C-5479FA727A2A}.Debug|Any CPU.ActiveCfg = Debug|Any CPU
		{2810BD1E-22B8-4881-A38C-5479FA727A2A}.Debug|Any CPU.Build.0 = Debug|Any CPU
		{2810BD1E-22B8-4881-A38C-5479FA727A2A}.Release|Any CPU.ActiveCfg = Release|Any CPU
		{2810BD1E-22B8-4881-A38C-5479FA727A2A}.Release|Any CPU.Build.0 = Release|Any CPU
		{19A34D44-15B5-4062-8697-7BA997EBB15E}.Debug|Any CPU.ActiveCfg = Debug|Any CPU
		{19A34D44-15B5-4062-8697-7BA997EBB15E}.Debug|Any CPU.Build.0 = Debug|Any CPU
		{19A34D44-15B5-4062-8697-7BA997EBB15E}.Release|Any CPU.ActiveCfg = Release|Any CPU
		{19A34D44-15B5-4062-8697-7BA997EBB15E}.Release|Any CPU.Build.0 = Release|Any CPU
		{13646B03-B898-4451-AFE6-30EFF9328178}.Debug|Any CPU.ActiveCfg = Debug|Any CPU
		{13646B03-B898-4451-AFE6-30EFF9328178}.Debug|Any CPU.Build.0 = Debug|Any CPU
		{13646B03-B898-4451-AFE6-30EFF9328178}.Release|Any CPU.ActiveCfg = Release|Any CPU
		{13646B03-B898-4451-AFE6-30EFF9328178}.Release|Any CPU.Build.0 = Release|Any CPU
		{FCC0C947-8C24-48EA-9298-0927189A6C39}.Debug|Any CPU.ActiveCfg = Debug|Any CPU
		{FCC0C947-8C24-48EA-9298-0927189A6C39}.Debug|Any CPU.Build.0 = Debug|Any CPU
		{FCC0C947-8C24-48EA-9298-0927189A6C39}.Release|Any CPU.ActiveCfg = Release|Any CPU
		{FCC0C947-8C24-48EA-9298-0927189A6C39}.Release|Any CPU.Build.0 = Release|Any CPU
		{682A1DED-C0F4-4A4C-85D0-9F7E82F047A4}.Debug|Any CPU.ActiveCfg = Debug|Any CPU
		{682A1DED-C0F4-4A4C-85D0-9F7E82F047A4}.Debug|Any CPU.Build.0 = Debug|Any CPU
		{682A1DED-C0F4-4A4C-85D0-9F7E82F047A4}.Release|Any CPU.ActiveCfg = Release|Any CPU
		{682A1DED-C0F4-4A4C-85D0-9F7E82F047A4}.Release|Any CPU.Build.0 = Release|Any CPU
		{7C4801A9-93D0-406C-AB4E-542AACC66176}.Debug|Any CPU.ActiveCfg = Debug|Any CPU
		{7C4801A9-93D0-406C-AB4E-542AACC66176}.Debug|Any CPU.Build.0 = Debug|Any CPU
		{7C4801A9-93D0-406C-AB4E-542AACC66176}.Release|Any CPU.ActiveCfg = Release|Any CPU
		{7C4801A9-93D0-406C-AB4E-542AACC66176}.Release|Any CPU.Build.0 = Release|Any CPU
		{33F85F65-8B92-4E82-B10D-A8AAEE3D69C7}.Debug|Any CPU.ActiveCfg = Debug|Any CPU
		{33F85F65-8B92-4E82-B10D-A8AAEE3D69C7}.Debug|Any CPU.Build.0 = Debug|Any CPU
		{33F85F65-8B92-4E82-B10D-A8AAEE3D69C7}.Release|Any CPU.ActiveCfg = Release|Any CPU
		{33F85F65-8B92-4E82-B10D-A8AAEE3D69C7}.Release|Any CPU.Build.0 = Release|Any CPU
	EndGlobalSection
	GlobalSection(SolutionProperties) = preSolution
		HideSolutionNode = FALSE
	EndGlobalSection
	GlobalSection(ExtensibilityGlobals) = postSolution
		SolutionGuid = {CFC75548-3C0F-439B-8B5E-C4BE78D10600}
	EndGlobalSection
EndGlobal
